
Microsoft Visual Studio Solution File, Format Version 12.00
# Visual Studio Version 17
VisualStudioVersion = 17.10.34928.147
MinimumVisualStudioVersion = 10.0.40219.1
Project("{FAE04EC0-301F-11D3-BF4B-00C04F79EFBC}") = "gs-microsservices", "gs-microsservices\gs-microsservices.csproj", "{9C1D956A-80BD-441C-9E46-15054DF3B1B2}"
EndProject
Project("{FAE04EC0-301F-11D3-BF4B-00C04F79EFBC}") = "gs-microsservices.Tests", "gs-microsservices.Tests\gs-microsservices.Tests.csproj", "{F37DC528-954E-4715-A282-F85B941EE896}"
EndProject
Global
	GlobalSection(SolutionConfigurationPlatforms) = preSolution
		Debug|Any CPU = Debug|Any CPU
		Release|Any CPU = Release|Any CPU
	EndGlobalSection
	GlobalSection(ProjectConfigurationPlatforms) = postSolution
		{9C1D956A-80BD-441C-9E46-15054DF3B1B2}.Debug|Any CPU.ActiveCfg = Debug|Any CPU
		{9C1D956A-80BD-441C-9E46-15054DF3B1B2}.Debug|Any CPU.Build.0 = Debug|Any CPU
		{9C1D956A-80BD-441C-9E46-15054DF3B1B2}.Release|Any CPU.ActiveCfg = Release|Any CPU
		{9C1D956A-80BD-441C-9E46-15054DF3B1B2}.Release|Any CPU.Build.0 = Release|Any CPU
		{F37DC528-954E-4715-A282-F85B941EE896}.Debug|Any CPU.ActiveCfg = Debug|Any CPU
		{F37DC528-954E-4715-A282-F85B941EE896}.Debug|Any CPU.Build.0 = Debug|Any CPU
		{F37DC528-954E-4715-A282-F85B941EE896}.Release|Any CPU.ActiveCfg = Release|Any CPU
		{F37DC528-954E-4715-A282-F85B941EE896}.Release|Any CPU.Build.0 = Release|Any CPU
	EndGlobalSection
	GlobalSection(SolutionProperties) = preSolution
		HideSolutionNode = FALSE
	EndGlobalSection
	GlobalSection(ExtensibilityGlobals) = postSolution
		SolutionGuid = {441BFE63-B3CD-43F0-9881-9311EB26E6F2}
	EndGlobalSection
EndGlobal
